<Solution>
  <Folder Name="/apps/Alberto.Payments/">
    <Project Path="apps/Alberto.Payments/Alberto.Payments.Core/Alberto.Payments.Core.csproj" />
    <Project Path="apps/Alberto.Payments/Alberto.Payments.Infrastructure/Alberto.Payments.Infrastructure.csproj" />
  </Folder>
  <Folder Name="/src/">
    <Project Path="src/Alberto.Dcb/Alberto.Dcb.csproj" />
    <Project Path="src/Alberto.Dcb.Commands/Alberto.Dcb.Commands.csproj" />
    <Project Path="src/Alberto.Dcb.InMemory/Alberto.Dcb.InMemory.csproj" />
    <Project Path="src/Alberto.Dcb.Postgres/Alberto.Dcb.Postgres.csproj" />
    <Project Path="src/Alberto.Dcb.Telemetry/Alberto.Dcb.Telemetry.csproj" />
    <Project Path="src/Alberto.Dcb.EntityFramework/Alberto.Dcb.EntityFramework.csproj" />
    <Project Path="src/Alberto.Dcb.Messaging/Alberto.Dcb.Messaging.csproj" />
    <Project Path="src/Alberto.Dcb.Postgres.Messaging/Alberto.Dcb.Postgres.Messaging.csproj" />
    <Project Path="src/Alberto.Dcb.Testing/Alberto.Dcb.Testing.csproj" />
    <Project Path="src/Alberto.Dcb.Testing.Xunit/Alberto.Dcb.Testing.Xunit.csproj" />
    <Project Path="src/Alberto.Dcb.Admin.Mcp/Alberto.Dcb.Admin.Mcp.csproj" />
    <Project Path="src/Alberto.Dcb.Admin/Alberto.Dcb.Admin.csproj" />
    <Project Path="src/Alberto.Dcb.Admin.GraphQL/Alberto.Dcb.Admin.GraphQL.csproj" />
  </Folder>
  <Folder Name="/apps/">
    <Project Path="apps/Alberto.AppHost/Alberto.AppHost.csproj" />
    <Project Path="apps/Alberto.Admin.Bff/Alberto.Admin.Bff.csproj" />
    <Project Path="apps/Alberto.Orders/Alberto.Orders.Core/Alberto.Orders.Core.csproj" />
    <Project Path="apps/Alberto.Orders/Alberto.Orders.Infrastructure/Alberto.Orders.Infrastructure.csproj" />
    <Project Path="apps/Alberto.Orders/Alberto.Orders.Api/Alberto.Orders.Api.csproj" />
    <Project Path="apps/Alberto.Orders/Alberto.Orders.Migrations/Alberto.Orders.Migrations.csproj" />
    <Project Path="apps/ServiceDefaults/ServiceDefaults.csproj" />
  </Folder>
  <Folder Name="/tests/">
    <Project Path="tests/Alberto.Dcb.Tests/Alberto.Dcb.Tests.csproj" />
    <Project Path="tests/Alberto.Dcb.Tests.SampleEvents/Alberto.Dcb.Tests.SampleEvents.csproj" />
  </Folder>
  <Folder Name="/tools/">
    <Project Path="tools/Alberto.Cli/Alberto.Cli.csproj" />
  </Folder>
  <Folder Name="/benchmarks/">
    <Project Path="benchmarks/Alberto.Dcb.Benchmarks/Alberto.Dcb.Benchmarks.csproj" />
    <Project Path="benchmarks/Alberto.Dcb.Benchmarks.Core/Alberto.Dcb.Benchmarks.Core.csproj" />
    <Project Path="benchmarks/Alberto.Dcb.Benchmarks.Compare/Alberto.Dcb.Benchmarks.Compare.csproj" />
  </Folder>
</Solution>
