<Solution>
  <Folder Name="/apps/Alberto.Orders/" />
  <Folder Name="/apps/Alberto.Payments/">
    <Project Path="apps/Alberto.Payments/Alberto.Payments/Alberto.Payments.csproj" />
  </Folder>
  <Folder Name="/src/">
    <Project Path="src/Alberto/Alberto.csproj" />
    <Project Path="src/Alberto.Commands/Alberto.Commands.csproj" />
    <Project Path="src/Alberto.Commands.Analyzers/Alberto.Commands.Analyzers.csproj" />
    <Project Path="src/Alberto.InMemory/Alberto.InMemory.csproj" />
    <Project Path="src/Alberto.Postgres/Alberto.Postgres.csproj" />
    <Project Path="src/Alberto.Telemetry/Alberto.Telemetry.csproj" />
    <Project Path="src/Alberto.EntityFramework/Alberto.EntityFramework.csproj" />
    <Project Path="src/Alberto.Messaging/Alberto.Messaging.csproj" />
    <Project Path="src/Alberto.Messaging.Postgres/Alberto.Messaging.Postgres.csproj" />
    <Project Path="src/Alberto.Testing/Alberto.Testing.csproj" />
    <Project Path="src/Alberto.Testing.Xunit/Alberto.Testing.Xunit.csproj" />
    <Project Path="src/Alberto.Admin/Alberto.Admin.csproj" />
    <Project Path="src/Alberto.Admin.Postgres/Alberto.Admin.Postgres.csproj" />
  </Folder>
  <Folder Name="/apps/">
    <Project Path="apps/Alberto.AppHost/Alberto.AppHost.csproj" />
    <Project Path="apps/Alberto.Orders/Alberto.Orders/Alberto.Orders.csproj" />
    <Project Path="apps/Alberto.Examples.Shared/Alberto.Examples.Shared.csproj" />
    <Project Path="apps/Alberto.Orders/Alberto.Orders.Api/Alberto.Orders.Api.csproj" />
    <Project Path="apps/Alberto.Orders/Alberto.Orders.Migrations/Alberto.Orders.Migrations.csproj" />
    <Project Path="apps/ServiceDefaults/ServiceDefaults.csproj" />
  </Folder>
  <Folder Name="/tests/">
    <Project Path="tests/Alberto.Tests/Alberto.Tests.csproj" />
    <Project Path="tests/Alberto.Tests.SampleEvents/Alberto.Tests.SampleEvents.csproj" />
    <Project Path="tests/Alberto.Examples.Tests/Alberto.Examples.Tests.csproj" />
    <Project Path="tests/Alberto.Tests.Messaging.Rebus/Alberto.Tests.Messaging.Rebus.csproj" />
  </Folder>
  <Folder Name="/tools/">
    <Project Path="tools/Alberto.Cli/Alberto.Cli.csproj" />
  </Folder>
  <Folder Name="/benchmarks/">
    <Project Path="benchmarks/Alberto.Benchmarks/Alberto.Benchmarks.csproj" />
    <Project Path="benchmarks/Alberto.Benchmarks.Core/Alberto.Benchmarks.Core.csproj" />
    <Project Path="benchmarks/Alberto.Benchmarks.Compare/Alberto.Benchmarks.Compare.csproj" />
  </Folder>
</Solution>
