{
  "version": 2,
  "dependencies": {
    "net10.0": {
      "Microsoft.Extensions.TimeProvider.Testing": {
        "type": "Direct",
        "requested": "[9.9.0, )",
        "resolved": "9.9.0",
        "contentHash": "fJh9agYJLeo0RS251hvZJ6nHrZ5eHqzqwazssGC+jQ1acBK9n65FiJ9EmRntuRC+kLNwfCCMvtXYmWJkO1ixrQ=="
      },
      "Microsoft.NET.Test.Sdk": {
        "type": "Direct",
        "requested": "[18.0.0, )",
        "resolved": "18.0.0",
        "contentHash": "bvxj2Asb7nT+tqOFFerrhQeEjUYLwx0Poi0Rznu63WbqN+A4uDn1t5NWXfAOOQsF6lpmK6N2v+Vvgso7KWZS7g==",
        "dependencies": {
          "Microsoft.CodeCoverage": "18.0.0",
          "Microsoft.TestPlatform.TestHost": "18.0.0"
        }
      },
      "Testcontainers.PostgreSql": {
        "type": "Direct",
        "requested": "[4.7.0, )",
        "resolved": "4.7.0",
        "contentHash": "RwR8cZIWaZLFYtXtIlwjMbGwUcbdQqcJj6zuUNN+RQooDmkbAlrp5WpPwVkMDSdNTi4BF3wiMnsw62j20OI6FA==",
        "dependencies": {
          "Testcontainers": "4.7.0"
        }
      },
      "xunit.v3": {
        "type": "Direct",
        "requested": "[3.1.0, )",
        "resolved": "3.1.0",
        "contentHash": "fyPBoHfdFr3udiylMo7Soo8j6HO0yHhthZkHT4hlszhXBJPRoSzXesqD8PcGkhnASiOxgjh8jOmJPKBTMItoyA==",
        "dependencies": {
          "xunit.analyzers": "1.24.0",
          "xunit.v3.assert": "[3.1.0]",
          "xunit.v3.core": "[3.1.0]"
        }
      },
      "BouncyCastle.Cryptography": {
        "type": "Transitive",
        "resolved": "2.4.0",
        "contentHash": "SwXsAV3sMvAU/Nn31pbjhWurYSjJ+/giI/0n6tCrYoupEK34iIHCuk3STAd9fx8yudM85KkLSVdn951vTng/vQ=="
      },
      "Docker.DotNet.Enhanced": {
        "type": "Transitive",
        "resolved": "3.128.5",
        "contentHash": "RmhcxDmS/zEuWhV9XA5M/xwFinfGe8IRyyNuEu/7EmnLam35dxlIXabi1Kp/MeEWr1fNPjPFrgxKieZfPeOOqw==",
        "dependencies": {
          "Microsoft.Extensions.Logging.Abstractions": "8.0.3"
        }
      },
      "Docker.DotNet.Enhanced.X509": {
        "type": "Transitive",
        "resolved": "3.128.5",
        "contentHash": "ofHQIPpv5HillvBZwk66wEGzHjV/G/771Ta1HjbOtcG8+Lv3bKNH19+fa+hgMzO4sZQCWGDIXygyDralePOKQA==",
        "dependencies": {
          "Docker.DotNet.Enhanced": "3.128.5"
        }
      },
      "Microsoft.Bcl.AsyncInterfaces": {
        "type": "Transitive",
        "resolved": "6.0.0",
        "contentHash": "UcSjPsst+DfAdJGVDsu346FX0ci0ah+lw3WRtn18NUwEqRt70HaOQ7lI72vy3+1LxtqI3T5GWwV39rQSrCzAeg=="
      },
      "Microsoft.CodeCoverage": {
        "type": "Transitive",
        "resolved": "18.0.0",
        "contentHash": "DFPhMrsIofgJ1DDU3ModqqRArDm15/bNl4ecmcuBspZkZ4ONYnCC0R8U27WzK7cYv6r8l6Q/fRmvg7cb+I/dJA=="
      },
      "Microsoft.Extensions.Primitives": {
        "type": "Transitive",
        "resolved": "10.0.0-rc.1.25451.107",
        "contentHash": "BNCfqG7CvhUQp7Sj8Qcr+HVNXkwV/nQfD6uS1HXXY2oO//QNpi4Mqy6IGeaIPIZIoQxykhLgPoSOJqRPCJRh/Q=="
      },
      "Microsoft.Testing.Extensions.TrxReport.Abstractions": {
        "type": "Transitive",
        "resolved": "1.8.4",
        "contentHash": "jDGV5d9K5zeQG6I5ZHZrrXd0sO9up/XLpb5qI5W+FPGJx5JXx5yEiwkw0MIEykH9ydeMASPOmjbY/7jS++gYwA==",
        "dependencies": {
          "Microsoft.Testing.Platform": "1.8.4"
        }
      },
      "Microsoft.Testing.Platform": {
        "type": "Transitive",
        "resolved": "1.8.4",
        "contentHash": "MpYE6A13G9zLZjkDmy2Fm/R0MRkjBR75P0F8B1yLaUshaATixPlk2S2OE6u/rlqtqMkbEyM7F6wxc332gZpBpA=="
      },
      "Microsoft.Testing.Platform.MSBuild": {
        "type": "Transitive",
        "resolved": "1.8.4",
        "contentHash": "RnS7G0eXAopdIf/XPGFNW8HUwZxRq5iGX34rVYhyDUbLS7sF513yosd4P50GtjBKqOay4qb+WHYr4NkWjtUWzQ==",
        "dependencies": {
          "Microsoft.Testing.Platform": "1.8.4"
        }
      },
      "Microsoft.TestPlatform.ObjectModel": {
        "type": "Transitive",
        "resolved": "18.0.0",
        "contentHash": "Al/a99ymb8UdEEh6DKNiaoFn5i8fvX5PdM9LfU9Z/Q8NJrlyHHzF+LRHLbR+t89gRsJ2fFMpwYxgEn3eH1BQwA=="
      },
      "Microsoft.TestPlatform.TestHost": {
        "type": "Transitive",
        "resolved": "18.0.0",
        "contentHash": "aAxE8Thr9ZHGrljOYaDeLJqitQi75iE4xeEFn6CEGFirlHSn1KwpKPniuEn6zCLZ90Z3XqNlrC3ZJTuvBov45w==",
        "dependencies": {
          "Microsoft.TestPlatform.ObjectModel": "18.0.0",
          "Newtonsoft.Json": "13.0.3"
        }
      },
      "Microsoft.Win32.Registry": {
        "type": "Transitive",
        "resolved": "5.0.0",
        "contentHash": "dDoKi0PnDz31yAyETfRntsLArTlVAVzUzCIvvEDsDsucrl33Dl8pIJG06ePTJTI3tGpeyHS9Cq7Foc/s4EeKcg=="
      },
      "Newtonsoft.Json": {
        "type": "Transitive",
        "resolved": "13.0.3",
        "contentHash": "HrC5BXdl00IP9zeV+0Z848QWPAoCr9P3bDEZguI+gkLcBKAOxix/tLEAAHC+UvDNPv4a2d18lOReHMOagPa+zQ=="
      },
      "SharpZipLib": {
        "type": "Transitive",
        "resolved": "1.4.2",
        "contentHash": "yjj+3zgz8zgXpiiC3ZdF/iyTBbz2fFvMxZFEBPUcwZjIvXOf37Ylm+K58hqMfIBt5JgU/Z2uoUS67JmTLe973A=="
      },
      "SSH.NET": {
        "type": "Transitive",
        "resolved": "2024.2.0",
        "contentHash": "9r+4UF2P51lTztpd+H7SJywk7WgmlWB//Cm2o96c6uGVZU5r58ys2/cD9pCgTk0zCdSkfflWL1WtqQ9I4IVO9Q==",
        "dependencies": {
          "BouncyCastle.Cryptography": "2.4.0"
        }
      },
      "Testcontainers": {
        "type": "Transitive",
        "resolved": "4.7.0",
        "contentHash": "Nx4HR4e7XcKV5BVIqYdCpF8PAYFpukZ8QpoBe+sY9FL5q0RDtsy81MElVXIJVO4Wg3Q6j2f39QaF7i+2jf6YjA==",
        "dependencies": {
          "Docker.DotNet.Enhanced": "3.128.5",
          "Docker.DotNet.Enhanced.X509": "3.128.5",
          "Microsoft.Extensions.Logging.Abstractions": "8.0.3",
          "SSH.NET": "2024.2.0",
          "SharpZipLib": "1.4.2"
        }
      },
      "xunit.analyzers": {
        "type": "Transitive",
        "resolved": "1.24.0",
        "contentHash": "kxaoMFFZcQ+mJudaKKlt3gCqV6M6Gjbka0NEs8JFDrxn52O7w5OOnYfSYVfqusk8p7pxrGdjgaQHlGINsNZHAQ=="
      },
      "xunit.v3.assert": {
        "type": "Transitive",
        "resolved": "3.1.0",
        "contentHash": "tSNOA4DC5toh9zv8todoQSxp6YBMER2VaH5Ll+FYotqxRei16HLQo7G4KDHNFaqUjnaSGpEcfeYMab+bFI/1kQ=="
      },
      "xunit.v3.common": {
        "type": "Transitive",
        "resolved": "3.1.0",
        "contentHash": "3rSyFF6L2wxYKu0MfdDzTD0nVBtNs9oi32ucmU415UTJ6nJ5DzlZAGmmoP7/w0C/vHFNgk/GjUsCyPUlL3/99g==",
        "dependencies": {
          "Microsoft.Bcl.AsyncInterfaces": "6.0.0"
        }
      },
      "xunit.v3.core": {
        "type": "Transitive",
        "resolved": "3.1.0",
        "contentHash": "YYO0+i0QJtcf1f5bPxCX5EQeb3yDypCEbS27Qcgm7Lx7yuXpn5tJOqMRv16PX61g9hBE8c4sc7hmkNS84IO/mA==",
        "dependencies": {
          "Microsoft.Testing.Platform.MSBuild": "1.8.4",
          "xunit.v3.extensibility.core": "[3.1.0]",
          "xunit.v3.runner.inproc.console": "[3.1.0]"
        }
      },
      "xunit.v3.extensibility.core": {
        "type": "Transitive",
        "resolved": "3.1.0",
        "contentHash": "oGehqTol13t6pBLS17299+KTTVUarJGt4y3lCpVToEH+o2B8dna3admYoqc2XZRQrNZSOe1ZvWBkjokbI1dVUA==",
        "dependencies": {
          "xunit.v3.common": "[3.1.0]"
        }
      },
      "xunit.v3.runner.common": {
        "type": "Transitive",
        "resolved": "3.1.0",
        "contentHash": "8ezzVVYpsrNUWVNfh1uECbgreATn2SOINkNU5H6y6439JLEWdYx3YYJc/jAWrgmOM6bn9l/nM3vxtD398gqQBQ==",
        "dependencies": {
          "Microsoft.Win32.Registry": "[5.0.0]",
          "xunit.v3.common": "[3.1.0]"
        }
      },
      "xunit.v3.runner.inproc.console": {
        "type": "Transitive",
        "resolved": "3.1.0",
        "contentHash": "xoa7bjOv2KwYKwfkJGGrkboZr5GitlQaX3/9FlIz7BFt/rwAVFShZpCcIHj281Vqpo9RNfnG4mwvbhApJykIiw==",
        "dependencies": {
          "Microsoft.Testing.Extensions.TrxReport.Abstractions": "1.8.4",
          "Microsoft.Testing.Platform": "1.8.4",
          "xunit.v3.extensibility.core": "[3.1.0]",
          "xunit.v3.runner.common": "[3.1.0]"
        }
      },
      "alberto.eventstore": {
        "type": "Project",
        "dependencies": {
          "Microsoft.Extensions.DependencyInjection.Abstractions": "[10.0.0-rc.1.25451.107, )"
        }
      },
      "alberto.eventstore.inmemory": {
        "type": "Project",
        "dependencies": {
          "Alberto.EventStore": "[1.0.0, )",
          "Microsoft.Extensions.Logging.Abstractions": "[10.0.0-rc.1.25451.107, )"
        }
      },
      "alberto.eventstore.postgres": {
        "type": "Project",
        "dependencies": {
          "Alberto.EventStore": "[1.0.0, )",
          "Dapper": "[2.1.66, )",
          "Microsoft.Extensions.Logging.Abstractions": "[10.0.0-rc.1.25451.107, )",
          "Microsoft.Extensions.Options": "[10.0.0-rc.1.25451.107, )",
          "Npgsql": "[9.0.3, )"
        }
      },
      "Dapper": {
        "type": "CentralTransitive",
        "requested": "[2.1.66, )",
        "resolved": "2.1.66",
        "contentHash": "/q77jUgDOS+bzkmk3Vy9SiWMaetTw+NOoPAV0xPBsGVAyljd5S6P+4RUW7R3ZUGGr9lDRyPKgAMj2UAOwvqZYw=="
      },
      "Microsoft.Extensions.DependencyInjection.Abstractions": {
        "type": "CentralTransitive",
        "requested": "[10.0.0-rc.1.25451.107, )",
        "resolved": "10.0.0-rc.1.25451.107",
        "contentHash": "Wm2HfC0GlWExQmJajq85FHM9iHEOm61Z1c2YLivbzI6R5eT+TTSyfk3RHUra4oBU+oj1XhOIQ5hLW6Kg2r85tg=="
      },
      "Microsoft.Extensions.Logging.Abstractions": {
        "type": "CentralTransitive",
        "requested": "[10.0.0-rc.1.25451.107, )",
        "resolved": "10.0.0-rc.1.25451.107",
        "contentHash": "RwlHkxMbkgvKs5m0jfguF+a6nZH1qaJVC63cSAODNLMVyX22VumSWwDBgnzFTB3oUHfOnQgLmtEK1U/eEQRLLQ==",
        "dependencies": {
          "Microsoft.Extensions.DependencyInjection.Abstractions": "10.0.0-rc.1.25451.107"
        }
      },
      "Microsoft.Extensions.Options": {
        "type": "CentralTransitive",
        "requested": "[10.0.0-rc.1.25451.107, )",
        "resolved": "10.0.0-rc.1.25451.107",
        "contentHash": "lM7V/A39nKSh7kdTqqh8yRCEvgw1P3X0odWd5o7A94j/Ln8xT+1kV60MTP/i78jaa4FNDhFfYE7yao5T84aQZg==",
        "dependencies": {
          "Microsoft.Extensions.DependencyInjection.Abstractions": "10.0.0-rc.1.25451.107",
          "Microsoft.Extensions.Primitives": "10.0.0-rc.1.25451.107"
        }
      },
      "Npgsql": {
        "type": "CentralTransitive",
        "requested": "[9.0.3, )",
        "resolved": "9.0.3",
        "contentHash": "tPvY61CxOAWxNsKLEBg+oR646X4Bc8UmyQ/tJszL/7mEmIXQnnBhVJZrZEEUv0Bstu0mEsHZD5At3EO8zQRAYw==",
        "dependencies": {
          "Microsoft.Extensions.Logging.Abstractions": "8.0.2"
        }
      }
    }
  }
}